
Microsoft Visual Studio Solution File, Format Version 12.00
# Visual Studio Version 16
VisualStudioVersion = 16.0.32630.194
MinimumVisualStudioVersion = 10.0.40219.1
Project("{FAE04EC0-301F-11D3-BF4B-00C04F79EFBC}") = "MiniSigecas", "MiniSigecas\MiniSigecas.csproj", "{3EF910DB-ECAF-44D0-B6FA-9DC231FBC054}"
EndProject
Global
	GlobalSection(SolutionConfigurationPlatforms) = preSolution
		Debug|Any CPU = Debug|Any CPU
		Release|Any CPU = Release|Any CPU
	EndGlobalSection
	GlobalSection(ProjectConfigurationPlatforms) = postSolution
		{3EF910DB-ECAF-44D0-B6FA-9DC231FBC054}.Debug|Any CPU.ActiveCfg = Debug|Any CPU
		{3EF910DB-ECAF-44D0-B6FA-9DC231FBC054}.Debug|Any CPU.Build.0 = Debug|Any CPU
		{3EF910DB-ECAF-44D0-B6FA-9DC231FBC054}.Release|Any CPU.ActiveCfg = Release|Any CPU
		{3EF910DB-ECAF-44D0-B6FA-9DC231FBC054}.Release|Any CPU.Build.0 = Release|Any CPU
	EndGlobalSection
	GlobalSection(SolutionProperties) = preSolution
		HideSolutionNode = FALSE
	EndGlobalSection
	GlobalSection(ExtensibilityGlobals) = postSolution
		SolutionGuid = {4417E2B4-279A-43D4-BEC5-0630DE4BABE6}
	EndGlobalSection
EndGlobal
